# This file is automatically @generated by Cargo.
# It is not intended for manual editing.
version = 4

[[package]]
name = "troe-abi"
version = "0.1.0"

[[package]]
name = "troe-app-arp"
version = "0.1.0"
dependencies = [
 "troe-kex-sdk",
]

[[package]]
name = "troe-kex-sdk"
version = "0.1.0"
dependencies = [
 "troe-abi",
]
